
Microsoft Visual Studio Solution File, Format Version 12.00
# Visual Studio 15
Project("{FAE04EC0-301F-11D3-BF4B-00C04F79EFBC}") = "dotnet-sqlserver-example", "dotnet-sqlserver-example.csproj", "{C6EC1E56-F508-432C-9E95-6A76E94DE098}"
EndProject
Global
	GlobalSection(SolutionConfigurationPlatforms) = preSolution
		Debug|Any CPU = Debug|Any CPU
		Release|Any CPU = Release|Any CPU
	EndGlobalSection
	GlobalSection(ProjectConfigurationPlatforms) = postSolution
		{C6EC1E56-F508-432C-9E95-6A76E94DE098}.Debug|Any CPU.ActiveCfg = Debug|Any CPU
		{C6EC1E56-F508-432C-9E95-6A76E94DE098}.Debug|Any CPU.Build.0 = Debug|Any CPU
		{C6EC1E56-F508-432C-9E95-6A76E94DE098}.Release|Any CPU.ActiveCfg = Release|Any CPU
		{C6EC1E56-F508-432C-9E95-6A76E94DE098}.Release|Any CPU.Build.0 = Release|Any CPU
	EndGlobalSection
EndGlobal
